
Microsoft Visual Studio Solution File, Format Version 12.00
# Visual Studio Version 17
VisualStudioVersion = 17.0.31903.59
MinimumVisualStudioVersion = 10.0.40219.1
Project("{FAE04EC0-301F-11D3-BF4B-00C04F79EFBC}") = "BookRepository", "BookRepository\BookRepository.csproj", "{BE6C18CC-21BA-407D-8231-845B3C314791}"
EndProject
Project("{FAE04EC0-301F-11D3-BF4B-00C04F79EFBC}") = "BookRepository.Data", "BookRepository.Data\BookRepository.Data.csproj", "{ABA2664A-5D3D-48A9-BBEE-FEC22B46F4B9}"
EndProject
Global
	GlobalSection(SolutionConfigurationPlatforms) = preSolution
		Debug|Any CPU = Debug|Any CPU
		Release|Any CPU = Release|Any CPU
	EndGlobalSection
	GlobalSection(SolutionProperties) = preSolution
		HideSolutionNode = FALSE
	EndGlobalSection
	GlobalSection(ProjectConfigurationPlatforms) = postSolution
		{BE6C18CC-21BA-407D-8231-845B3C314791}.Debug|Any CPU.ActiveCfg = Debug|Any CPU
		{BE6C18CC-21BA-407D-8231-845B3C314791}.Debug|Any CPU.Build.0 = Debug|Any CPU
		{BE6C18CC-21BA-407D-8231-845B3C314791}.Release|Any CPU.ActiveCfg = Release|Any CPU
		{BE6C18CC-21BA-407D-8231-845B3C314791}.Release|Any CPU.Build.0 = Release|Any CPU
		{ABA2664A-5D3D-48A9-BBEE-FEC22B46F4B9}.Debug|Any CPU.ActiveCfg = Debug|Any CPU
		{ABA2664A-5D3D-48A9-BBEE-FEC22B46F4B9}.Debug|Any CPU.Build.0 = Debug|Any CPU
		{ABA2664A-5D3D-48A9-BBEE-FEC22B46F4B9}.Release|Any CPU.ActiveCfg = Release|Any CPU
		{ABA2664A-5D3D-48A9-BBEE-FEC22B46F4B9}.Release|Any CPU.Build.0 = Release|Any CPU
	EndGlobalSection
EndGlobal
